
Microsoft Visual Studio Solution File, Format Version 12.00
# Visual Studio 15
VisualStudioVersion = 15.0.27428.2002
MinimumVisualStudioVersion = 10.0.40219.1
Project("{FAE04EC0-301F-11D3-BF4B-00C04F79EFBC}") = "Ntreev.Library.Psd", "Ntreev.Library.Psd\Ntreev.Library.Psd.csproj", "{2A3BAD6E-CEB1-432B-87E2-0581E36067E7}"
EndProject
Project("{FAE04EC0-301F-11D3-BF4B-00C04F79EFBC}") = "Ntreev.Library.PsdViewer", "Ntreev.Library.PsdViewer\Ntreev.Library.PsdViewer.csproj", "{EEB86F6C-6EBA-4892-BC87-282DC667EC10}"
EndProject
Project("{FAE04EC0-301F-11D3-BF4B-00C04F79EFBC}") = "Ntreev.Library", "sub-modules\Ntreev.Library\Ntreev.Library\Ntreev.Library.csproj", "{1918437F-4FBF-4731-AC5B-981A4A4CB1F1}"
EndProject
Project("{FAE04EC0-301F-11D3-BF4B-00C04F79EFBC}") = "Ntreev.ModernUI.Framework", "sub-modules\Ntreev.ModernUI.Framework\Ntreev.ModernUI.Framework\Ntreev.ModernUI.Framework.csproj", "{20C3D3DD-DE99-4126-9449-BCA12E4D255D}"
EndProject
Project("{2150E333-8FDC-42A3-9474-1A3956D46DE8}") = "sud-modules", "sud-modules", "{7FD1A868-BE56-4917-8A49-FD384BD022DB}"
EndProject
Project("{D954291E-2A0B-460D-934E-DC6B0785DB48}") = "Ntreev.Library.Psd.AssemblyInfo", "Ntreev.Library.Psd.AssemblyInfo\Ntreev.Library.Psd.AssemblyInfo.shproj", "{720FDFEC-6E43-4663-B378-35DDC17034E0}"
EndProject
Global
	GlobalSection(SharedMSBuildProjectFiles) = preSolution
		sub-modules\Ntreev.Library\Ntreev.Library.AssemblyInfo\Ntreev.Library.AssemblyInfo.projitems*{1918437f-4fbf-4731-ac5b-981a4a4cb1f1}*SharedItemsImports = 4
		sub-modules\Ntreev.ModernUI.Framework\Ntreev.ModernUI.AssemblyInfo\Ntreev.ModernUI.AssemblyInfo.projitems*{20c3d3dd-de99-4126-9449-bca12e4d255d}*SharedItemsImports = 4
		Ntreev.Library.Psd.AssemblyInfo\Ntreev.Library.Psd.AssemblyInfo.projitems*{2a3bad6e-ceb1-432b-87e2-0581e36067e7}*SharedItemsImports = 4
		Ntreev.Library.Psd.AssemblyInfo\Ntreev.Library.Psd.AssemblyInfo.projitems*{720fdfec-6e43-4663-b378-35ddc17034e0}*SharedItemsImports = 13
		Ntreev.Library.Psd.AssemblyInfo\Ntreev.Library.Psd.AssemblyInfo.projitems*{eeb86f6c-6eba-4892-bc87-282dc667ec10}*SharedItemsImports = 4
	EndGlobalSection
	GlobalSection(SolutionConfigurationPlatforms) = preSolution
		Debug|Any CPU = Debug|Any CPU
		Release_Unity|Any CPU = Release_Unity|Any CPU
		Release|Any CPU = Release|Any CPU
	EndGlobalSection
	GlobalSection(ProjectConfigurationPlatforms) = postSolution
		{2A3BAD6E-CEB1-432B-87E2-0581E36067E7}.Debug|Any CPU.ActiveCfg = Debug|Any CPU
		{2A3BAD6E-CEB1-432B-87E2-0581E36067E7}.Debug|Any CPU.Build.0 = Debug|Any CPU
		{2A3BAD6E-CEB1-432B-87E2-0581E36067E7}.Release_Unity|Any CPU.ActiveCfg = Release|Any CPU
		{2A3BAD6E-CEB1-432B-87E2-0581E36067E7}.Release_Unity|Any CPU.Build.0 = Release|Any CPU
		{2A3BAD6E-CEB1-432B-87E2-0581E36067E7}.Release|Any CPU.ActiveCfg = Release|Any CPU
		{2A3BAD6E-CEB1-432B-87E2-0581E36067E7}.Release|Any CPU.Build.0 = Release|Any CPU
		{EEB86F6C-6EBA-4892-BC87-282DC667EC10}.Debug|Any CPU.ActiveCfg = Debug|Any CPU
		{EEB86F6C-6EBA-4892-BC87-282DC667EC10}.Debug|Any CPU.Build.0 = Debug|Any CPU
		{EEB86F6C-6EBA-4892-BC87-282DC667EC10}.Release_Unity|Any CPU.ActiveCfg = Release|Any CPU
		{EEB86F6C-6EBA-4892-BC87-282DC667EC10}.Release|Any CPU.ActiveCfg = Release|Any CPU
		{EEB86F6C-6EBA-4892-BC87-282DC667EC10}.Release|Any CPU.Build.0 = Release|Any CPU
		{1918437F-4FBF-4731-AC5B-981A4A4CB1F1}.Debug|Any CPU.ActiveCfg = Debug|Any CPU
		{1918437F-4FBF-4731-AC5B-981A4A4CB1F1}.Debug|Any CPU.Build.0 = Debug|Any CPU
		{1918437F-4FBF-4731-AC5B-981A4A4CB1F1}.Release_Unity|Any CPU.ActiveCfg = Release|Any CPU
		{1918437F-4FBF-4731-AC5B-981A4A4CB1F1}.Release_Unity|Any CPU.Build.0 = Release|Any CPU
		{1918437F-4FBF-4731-AC5B-981A4A4CB1F1}.Release|Any CPU.ActiveCfg = Release|Any CPU
		{1918437F-4FBF-4731-AC5B-981A4A4CB1F1}.Release|Any CPU.Build.0 = Release|Any CPU
		{20C3D3DD-DE99-4126-9449-BCA12E4D255D}.Debug|Any CPU.ActiveCfg = Debug|Any CPU
		{20C3D3DD-DE99-4126-9449-BCA12E4D255D}.Debug|Any CPU.Build.0 = Debug|Any CPU
		{20C3D3DD-DE99-4126-9449-BCA12E4D255D}.Release_Unity|Any CPU.ActiveCfg = Release|Any CPU
		{20C3D3DD-DE99-4126-9449-BCA12E4D255D}.Release_Unity|Any CPU.Build.0 = Release|Any CPU
		{20C3D3DD-DE99-4126-9449-BCA12E4D255D}.Release|Any CPU.ActiveCfg = Release|Any CPU
		{20C3D3DD-DE99-4126-9449-BCA12E4D255D}.Release|Any CPU.Build.0 = Release|Any CPU
	EndGlobalSection
	GlobalSection(SolutionProperties) = preSolution
		HideSolutionNode = FALSE
	EndGlobalSection
	GlobalSection(NestedProjects) = preSolution
		{1918437F-4FBF-4731-AC5B-981A4A4CB1F1} = {7FD1A868-BE56-4917-8A49-FD384BD022DB}
		{20C3D3DD-DE99-4126-9449-BCA12E4D255D} = {7FD1A868-BE56-4917-8A49-FD384BD022DB}
	EndGlobalSection
	GlobalSection(ExtensibilityGlobals) = postSolution
		SolutionGuid = {19BBF3C1-BAEA-4DEA-A450-0C7B4BE81DFB}
	EndGlobalSection
EndGlobal
