
Microsoft Visual Studio Solution File, Format Version 12.00
# Visual Studio 2013
VisualStudioVersion = 12.0.21005.1
MinimumVisualStudioVersion = 10.0.40219.1
Project("{FAE04EC0-301F-11D3-BF4B-00C04F79EFBC}") = "Ntreev.Library.Psd", "Ntreev.Library.Psd\Ntreev.Library.Psd.csproj", "{2A3BAD6E-CEB1-432B-87E2-0581E36067E7}"
EndProject
Project("{FAE04EC0-301F-11D3-BF4B-00C04F79EFBC}") = "Ntreev.Library.PsdViewer", "Ntreev.Library.PsdViewer\Ntreev.Library.PsdViewer.csproj", "{EEB86F6C-6EBA-4892-BC87-282DC667EC10}"
EndProject
Project("{FAE04EC0-301F-11D3-BF4B-00C04F79EFBC}") = "Ntreev.Library.Psd(Unity)", "Ntreev.Library.Psd(Unity)\Ntreev.Library.Psd(Unity).csproj", "{6CAA45AD-D8EC-40E7-8DF0-88227F7624E2}"
EndProject
Global
	GlobalSection(SolutionConfigurationPlatforms) = preSolution
		Debug|Any CPU = Debug|Any CPU
		Release_Unity|Any CPU = Release_Unity|Any CPU
		Release|Any CPU = Release|Any CPU
	EndGlobalSection
	GlobalSection(ProjectConfigurationPlatforms) = postSolution
		{2A3BAD6E-CEB1-432B-87E2-0581E36067E7}.Debug|Any CPU.ActiveCfg = Debug|Any CPU
		{2A3BAD6E-CEB1-432B-87E2-0581E36067E7}.Debug|Any CPU.Build.0 = Debug|Any CPU
		{2A3BAD6E-CEB1-432B-87E2-0581E36067E7}.Release_Unity|Any CPU.ActiveCfg = Release_Unity|Any CPU
		{2A3BAD6E-CEB1-432B-87E2-0581E36067E7}.Release_Unity|Any CPU.Build.0 = Release_Unity|Any CPU
		{2A3BAD6E-CEB1-432B-87E2-0581E36067E7}.Release|Any CPU.ActiveCfg = Release|Any CPU
		{2A3BAD6E-CEB1-432B-87E2-0581E36067E7}.Release|Any CPU.Build.0 = Release|Any CPU
		{EEB86F6C-6EBA-4892-BC87-282DC667EC10}.Debug|Any CPU.ActiveCfg = Debug|Any CPU
		{EEB86F6C-6EBA-4892-BC87-282DC667EC10}.Debug|Any CPU.Build.0 = Debug|Any CPU
		{EEB86F6C-6EBA-4892-BC87-282DC667EC10}.Release_Unity|Any CPU.ActiveCfg = Release|Any CPU
		{EEB86F6C-6EBA-4892-BC87-282DC667EC10}.Release|Any CPU.ActiveCfg = Release|Any CPU
		{EEB86F6C-6EBA-4892-BC87-282DC667EC10}.Release|Any CPU.Build.0 = Release|Any CPU
		{6CAA45AD-D8EC-40E7-8DF0-88227F7624E2}.Debug|Any CPU.ActiveCfg = Debug|Any CPU
		{6CAA45AD-D8EC-40E7-8DF0-88227F7624E2}.Release_Unity|Any CPU.ActiveCfg = Release|Any CPU
		{6CAA45AD-D8EC-40E7-8DF0-88227F7624E2}.Release_Unity|Any CPU.Build.0 = Release|Any CPU
		{6CAA45AD-D8EC-40E7-8DF0-88227F7624E2}.Release|Any CPU.ActiveCfg = Release|Any CPU
	EndGlobalSection
	GlobalSection(SolutionProperties) = preSolution
		HideSolutionNode = FALSE
	EndGlobalSection
EndGlobal
